
Microsoft Visual Studio Solution File, Format Version 12.00
# Visual Studio Version 16
VisualStudioVersion = 16.0.31624.102
MinimumVisualStudioVersion = 10.0.40219.1
Project("{FAE04EC0-301F-11D3-BF4B-00C04F79EFBC}") = "testest", "testest\testest.csproj", "{83CC60B1-7965-46A4-A95F-EA3AA0207E06}"
EndProject
Global
	GlobalSection(SolutionConfigurationPlatforms) = preSolution
		Debug|Any CPU = Debug|Any CPU
		Release|Any CPU = Release|Any CPU
	EndGlobalSection
	GlobalSection(ProjectConfigurationPlatforms) = postSolution
		{83CC60B1-7965-46A4-A95F-EA3AA0207E06}.Debug|Any CPU.ActiveCfg = Debug|Any CPU
		{83CC60B1-7965-46A4-A95F-EA3AA0207E06}.Debug|Any CPU.Build.0 = Debug|Any CPU
		{83CC60B1-7965-46A4-A95F-EA3AA0207E06}.Release|Any CPU.ActiveCfg = Release|Any CPU
		{83CC60B1-7965-46A4-A95F-EA3AA0207E06}.Release|Any CPU.Build.0 = Release|Any CPU
	EndGlobalSection
	GlobalSection(SolutionProperties) = preSolution
		HideSolutionNode = FALSE
	EndGlobalSection
	GlobalSection(ExtensibilityGlobals) = postSolution
		SolutionGuid = {ECD9D4A8-2935-4024-B30C-9FBBF55ED495}
	EndGlobalSection
EndGlobal
